
Microsoft Visual Studio Solution File, Format Version 12.00
# Visual Studio 2012
Project("{FAE04EC0-301F-11D3-BF4B-00C04F79EFBC}") = "Biz.TACM", "Biz.TACM.csproj", "{7ECB7D49-C583-4182-8807-B6C671C2C4A3}"
EndProject
Global
	GlobalSection(SolutionConfigurationPlatforms) = preSolution
		Debug|Any CPU = Debug|Any CPU
		Release|Any CPU = Release|Any CPU
	EndGlobalSection
	GlobalSection(ProjectConfigurationPlatforms) = postSolution
		{7ECB7D49-C583-4182-8807-B6C671C2C4A3}.Debug|Any CPU.ActiveCfg = Debug|Any CPU
		{7ECB7D49-C583-4182-8807-B6C671C2C4A3}.Debug|Any CPU.Build.0 = Debug|Any CPU
		{7ECB7D49-C583-4182-8807-B6C671C2C4A3}.Release|Any CPU.ActiveCfg = Release|Any CPU
		{7ECB7D49-C583-4182-8807-B6C671C2C4A3}.Release|Any CPU.Build.0 = Release|Any CPU
	EndGlobalSection
EndGlobal
